{
  "name": "feup-asso",
  "version": "1.0.0",
  "lockfileVersion": 1,
  "requires": true,
  "dependencies": {
    "@types/node": {
      "version": "14.14.37",
      "resolved": "https://registry.npmjs.org/@types/node/-/node-14.14.37.tgz",
      "integrity": "sha512-XYmBiy+ohOR4Lh5jE379fV2IU+6Jn4g5qASinhitfyO71b/sCo6MKsMLF5tc7Zf2CE8hViVQyYSobJNke8OvUw==",
      "dev": true
    },
    "file-lines-count": {
      "version": "1.0.1",
      "resolved": "https://registry.npmjs.org/file-lines-count/-/file-lines-count-1.0.1.tgz",
      "integrity": "sha512-lMq41XmFu+RTtiQ/m7hMIIiwx7tyAV7jvPxZd7pwMl6Jr6Sy+jqVD3jg0Rs6onOQUtwT0OFz0qg/4Hr9+dRgPg=="
    },
    "typescript": {
      "version": "4.2.3",
      "resolved": "https://registry.npmjs.org/typescript/-/typescript-4.2.3.tgz",
      "integrity": "sha512-qOcYwxaByStAWrBf4x0fibwZvMRG+r4cQoTjbPtUlrWjBHbmCAww1i448U0GJ+3cNNEtebDteo/cHOR3xJ4wEw==",
      "dev": true
    }
  }
}
